
Microsoft Visual Studio Solution File, Format Version 12.00
Project("{FAE04EC0-301F-11D3-BF4B-00C04F79EFBC}") = "OurCity.Api", "OurCity.Api\OurCity.Api.csproj", "{BC466994-CCF0-4F23-A1A5-389C32107709}"
EndProject
Project("{2150E333-8FDC-42A3-9474-1A3956D46DE8}") = "Solution Items", "Solution Items", "{C704AB8E-1870-45C4-98BC-9782E6F51A47}"
	ProjectSection(SolutionItems) = preProject
		docker-compose.yml = docker-compose.yml
	EndProjectSection
EndProject
Project("{FAE04EC0-301F-11D3-BF4B-00C04F79EFBC}") = "OurCity.Infrastructure", "OurCity.Infrastructure\OurCity.Infrastructure.csproj", "{7C793EFD-8B10-41E5-814C-381337CA1320}"
EndProject
Project("{FAE04EC0-301F-11D3-BF4B-00C04F79EFBC}") = "OurCity.Application", "OurCity.Application\OurCity.Application.csproj", "{B06A4055-8DF9-4B67-80D8-4B72BDED02E3}"
EndProject
Project("{FAE04EC0-301F-11D3-BF4B-00C04F79EFBC}") = "OurCity.Domain", "OurCity.Domain\OurCity.Domain.csproj", "{194A7299-4053-4539-BD20-F16E21FE44A7}"
EndProject
Global
	GlobalSection(SolutionConfigurationPlatforms) = preSolution
		Debug|Any CPU = Debug|Any CPU
		Debug|x64 = Debug|x64
		Debug|x86 = Debug|x86
		Release|Any CPU = Release|Any CPU
		Release|x64 = Release|x64
		Release|x86 = Release|x86
	EndGlobalSection
	GlobalSection(ProjectConfigurationPlatforms) = postSolution
		{BC466994-CCF0-4F23-A1A5-389C32107709}.Debug|Any CPU.ActiveCfg = Debug|Any CPU
		{BC466994-CCF0-4F23-A1A5-389C32107709}.Debug|Any CPU.Build.0 = Debug|Any CPU
		{BC466994-CCF0-4F23-A1A5-389C32107709}.Debug|x64.ActiveCfg = Debug|Any CPU
		{BC466994-CCF0-4F23-A1A5-389C32107709}.Debug|x64.Build.0 = Debug|Any CPU
		{BC466994-CCF0-4F23-A1A5-389C32107709}.Debug|x86.ActiveCfg = Debug|Any CPU
		{BC466994-CCF0-4F23-A1A5-389C32107709}.Debug|x86.Build.0 = Debug|Any CPU
		{BC466994-CCF0-4F23-A1A5-389C32107709}.Release|Any CPU.ActiveCfg = Release|Any CPU
		{BC466994-CCF0-4F23-A1A5-389C32107709}.Release|Any CPU.Build.0 = Release|Any CPU
		{BC466994-CCF0-4F23-A1A5-389C32107709}.Release|x64.ActiveCfg = Release|Any CPU
		{BC466994-CCF0-4F23-A1A5-389C32107709}.Release|x64.Build.0 = Release|Any CPU
		{BC466994-CCF0-4F23-A1A5-389C32107709}.Release|x86.ActiveCfg = Release|Any CPU
		{BC466994-CCF0-4F23-A1A5-389C32107709}.Release|x86.Build.0 = Release|Any CPU
		{7C793EFD-8B10-41E5-814C-381337CA1320}.Debug|Any CPU.ActiveCfg = Debug|Any CPU
		{7C793EFD-8B10-41E5-814C-381337CA1320}.Debug|Any CPU.Build.0 = Debug|Any CPU
		{7C793EFD-8B10-41E5-814C-381337CA1320}.Debug|x64.ActiveCfg = Debug|Any CPU
		{7C793EFD-8B10-41E5-814C-381337CA1320}.Debug|x64.Build.0 = Debug|Any CPU
		{7C793EFD-8B10-41E5-814C-381337CA1320}.Debug|x86.ActiveCfg = Debug|Any CPU
		{7C793EFD-8B10-41E5-814C-381337CA1320}.Debug|x86.Build.0 = Debug|Any CPU
		{7C793EFD-8B10-41E5-814C-381337CA1320}.Release|Any CPU.ActiveCfg = Release|Any CPU
		{7C793EFD-8B10-41E5-814C-381337CA1320}.Release|Any CPU.Build.0 = Release|Any CPU
		{7C793EFD-8B10-41E5-814C-381337CA1320}.Release|x64.ActiveCfg = Release|Any CPU
		{7C793EFD-8B10-41E5-814C-381337CA1320}.Release|x64.Build.0 = Release|Any CPU
		{7C793EFD-8B10-41E5-814C-381337CA1320}.Release|x86.ActiveCfg = Release|Any CPU
		{7C793EFD-8B10-41E5-814C-381337CA1320}.Release|x86.Build.0 = Release|Any CPU
		{B06A4055-8DF9-4B67-80D8-4B72BDED02E3}.Debug|Any CPU.ActiveCfg = Debug|Any CPU
		{B06A4055-8DF9-4B67-80D8-4B72BDED02E3}.Debug|Any CPU.Build.0 = Debug|Any CPU
		{B06A4055-8DF9-4B67-80D8-4B72BDED02E3}.Debug|x64.ActiveCfg = Debug|Any CPU
		{B06A4055-8DF9-4B67-80D8-4B72BDED02E3}.Debug|x64.Build.0 = Debug|Any CPU
		{B06A4055-8DF9-4B67-80D8-4B72BDED02E3}.Debug|x86.ActiveCfg = Debug|Any CPU
		{B06A4055-8DF9-4B67-80D8-4B72BDED02E3}.Debug|x86.Build.0 = Debug|Any CPU
		{B06A4055-8DF9-4B67-80D8-4B72BDED02E3}.Release|Any CPU.ActiveCfg = Release|Any CPU
		{B06A4055-8DF9-4B67-80D8-4B72BDED02E3}.Release|Any CPU.Build.0 = Release|Any CPU
		{B06A4055-8DF9-4B67-80D8-4B72BDED02E3}.Release|x64.ActiveCfg = Release|Any CPU
		{B06A4055-8DF9-4B67-80D8-4B72BDED02E3}.Release|x64.Build.0 = Release|Any CPU
		{B06A4055-8DF9-4B67-80D8-4B72BDED02E3}.Release|x86.ActiveCfg = Release|Any CPU
		{B06A4055-8DF9-4B67-80D8-4B72BDED02E3}.Release|x86.Build.0 = Release|Any CPU
		{194A7299-4053-4539-BD20-F16E21FE44A7}.Debug|Any CPU.ActiveCfg = Debug|Any CPU
		{194A7299-4053-4539-BD20-F16E21FE44A7}.Debug|Any CPU.Build.0 = Debug|Any CPU
		{194A7299-4053-4539-BD20-F16E21FE44A7}.Debug|x64.ActiveCfg = Debug|Any CPU
		{194A7299-4053-4539-BD20-F16E21FE44A7}.Debug|x64.Build.0 = Debug|Any CPU
		{194A7299-4053-4539-BD20-F16E21FE44A7}.Debug|x86.ActiveCfg = Debug|Any CPU
		{194A7299-4053-4539-BD20-F16E21FE44A7}.Debug|x86.Build.0 = Debug|Any CPU
		{194A7299-4053-4539-BD20-F16E21FE44A7}.Release|Any CPU.ActiveCfg = Release|Any CPU
		{194A7299-4053-4539-BD20-F16E21FE44A7}.Release|Any CPU.Build.0 = Release|Any CPU
		{194A7299-4053-4539-BD20-F16E21FE44A7}.Release|x64.ActiveCfg = Release|Any CPU
		{194A7299-4053-4539-BD20-F16E21FE44A7}.Release|x64.Build.0 = Release|Any CPU
		{194A7299-4053-4539-BD20-F16E21FE44A7}.Release|x86.ActiveCfg = Release|Any CPU
		{194A7299-4053-4539-BD20-F16E21FE44A7}.Release|x86.Build.0 = Release|Any CPU
	EndGlobalSection
	GlobalSection(SolutionProperties) = preSolution
		HideSolutionNode = FALSE
	EndGlobalSection
EndGlobal
